{
  "name": "web-uvodni-projekt1",
  "version": "1.0.0",
  "lockfileVersion": 3,
  "requires": true,
  "packages": {
    "": {
      "name": "web-uvodni-projekt1",
      "version": "1.0.0",
      "license": "ISC",
      "dependencies": {
        "@fortawesome/fontawesome-free": "^7.3.1",
        "bootstrap": "^5.3.8",
        "tinymce": "^8.9.0",
        "tom-select": "^2.6.2"
      },
      "devDependencies": {}
    },
    "node_modules/@fortawesome/fontawesome-free": {
      "version": "7.3.1",
      "resolved": "https://registry.npmjs.org/@fortawesome/fontawesome-free/-/fontawesome-free-7.3.1.tgz",
      "integrity": "sha512-wmglKKPDIkgV3aWlZzWECCPoGIkYCulzBwxG9+w7rc5BGapZ6cPMpoPOT8k36J0Ni7PPX6c/rsoMWfS4d1MUMg==",
      "license": "(CC-BY-4.0 AND OFL-1.1 AND MIT)",
      "engines": {
        "node": ">=6"
      }
    },
    "node_modules/@orchidjs/sifter": {
      "version": "1.1.0",
      "resolved": "https://registry.npmjs.org/@orchidjs/sifter/-/sifter-1.1.0.tgz",
      "integrity": "sha512-mYwHCfr736cIWWdhhSZvDbf90AKt2xyrJspKFC3qyIJG1LtrJeJunYEqCGG4Aq2ijENbc4WkOjszcvNaIAS/pQ==",
      "license": "Apache-2.0",
      "dependencies": {
        "@orchidjs/unicode-variants": "^1.1.2"
      }
    },
    "node_modules/@orchidjs/unicode-variants": {
      "version": "1.1.2",
      "resolved": "https://registry.npmjs.org/@orchidjs/unicode-variants/-/unicode-variants-1.1.2.tgz",
      "integrity": "sha512-5DobW1CHgnBROOEpFlEXytED5OosEWESFvg/VYmH0143oXcijYTprRYJTs+55HzGM4IqxiLFSuqEzu9mPNwVsA==",
      "license": "Apache-2.0"
    },
    "node_modules/@popperjs/core": {
      "version": "2.11.8",
      "resolved": "https://registry.npmjs.org/@popperjs/core/-/core-2.11.8.tgz",
      "integrity": "sha512-P1st0aksCrn9sGZhp8GMYwBnQsbvAWsZAX44oXNNvLHGqAOcoVxmjZiohstwQ7SqKnbR47akdNi+uleWD8+g6A==",
      "license": "MIT",
      "peer": true,
      "funding": {
        "type": "opencollective",
        "url": "https://opencollective.com/popperjs"
      }
    },
    "node_modules/bootstrap": {
      "version": "5.3.8",
      "resolved": "https://registry.npmjs.org/bootstrap/-/bootstrap-5.3.8.tgz",
      "integrity": "sha512-HP1SZDqaLDPwsNiqRqi5NcP0SSXciX2s9E+RyqJIIqGo+vJeN5AJVM98CXmW/Wux0nQ5L7jeWUdplCEf0Ee+tg==",
      "funding": [
        {
          "type": "github",
          "url": "https://github.com/sponsors/twbs"
        },
        {
          "type": "opencollective",
          "url": "https://opencollective.com/bootstrap"
        }
      ],
      "license": "MIT",
      "peerDependencies": {
        "@popperjs/core": "^2.11.8"
      }
    },
    "node_modules/tinymce": {
      "version": "8.9.0",
      "resolved": "https://registry.npmjs.org/tinymce/-/tinymce-8.9.0.tgz",
      "integrity": "sha512-zh9NKpdF89vnqOB3VEkTHiPtltrY6i3vTEVF5+l7vLxMX6lBju7d0UV9wWV7Vm1NyO1PccDCwa6qxAb2pWSvfg==",
      "license": "SEE LICENSE IN license.md"
    },
    "node_modules/tom-select": {
      "version": "2.6.2",
      "resolved": "https://registry.npmjs.org/tom-select/-/tom-select-2.6.2.tgz",
      "integrity": "sha512-eiXIkk82XzzUTOVQDFpy+ZGejuqdTvMukyUyeZBQaKnqW42UoTiTZnrod/eX0rkqJEc4rZY9DZ3zdjV07i29wQ==",
      "license": "Apache-2.0",
      "dependencies": {
        "@orchidjs/sifter": "^1.1.0",
        "@orchidjs/unicode-variants": "^1.1.2"
      },
      "engines": {
        "node": "*"
      },
      "funding": {
        "type": "opencollective",
        "url": "https://opencollective.com/tom-select"
      }
    }
  }
}
